
Microsoft Visual Studio Solution File, Format Version 12.00
# Visual Studio Version 16
VisualStudioVersion = 16.0.31624.102
MinimumVisualStudioVersion = 10.0.40219.1
Project("{9A19103F-16F7-4668-BE54-9A1E7A4F7556}") = "03 - Blazor server", "03 - Blazor server.csproj", "{C671F3D3-8075-4294-A7FD-60F17C656BF9}"
EndProject
Global
	GlobalSection(SolutionConfigurationPlatforms) = preSolution
		Debug|Any CPU = Debug|Any CPU
		Release|Any CPU = Release|Any CPU
	EndGlobalSection
	GlobalSection(ProjectConfigurationPlatforms) = postSolution
		{C671F3D3-8075-4294-A7FD-60F17C656BF9}.Debug|Any CPU.ActiveCfg = Debug|Any CPU
		{C671F3D3-8075-4294-A7FD-60F17C656BF9}.Debug|Any CPU.Build.0 = Debug|Any CPU
		{C671F3D3-8075-4294-A7FD-60F17C656BF9}.Release|Any CPU.ActiveCfg = Release|Any CPU
		{C671F3D3-8075-4294-A7FD-60F17C656BF9}.Release|Any CPU.Build.0 = Release|Any CPU
	EndGlobalSection
	GlobalSection(SolutionProperties) = preSolution
		HideSolutionNode = FALSE
	EndGlobalSection
	GlobalSection(ExtensibilityGlobals) = postSolution
		SolutionGuid = {FC964727-31AB-4B7D-B25D-9D88588A5399}
	EndGlobalSection
EndGlobal
